
Microsoft Visual Studio Solution File, Format Version 12.00
# Visual Studio Version 16
VisualStudioVersion = 16.0.30320.27
MinimumVisualStudioVersion = 15.0.26124.0
Project("{2150E333-8FDC-42A3-9474-1A3956D46DE8}") = "src", "src", "{F4F42391-BB31-426B-8E21-444AB321811E}"
EndProject
Project("{2150E333-8FDC-42A3-9474-1A3956D46DE8}") = "test", "test", "{D4D8346A-490A-404B-AA3B-BC1BBBCD9FBC}"
EndProject
Project("{9A19103F-16F7-4668-BE54-9A1E7A4F7556}") = "Onyx.Gerd.Tests", "test\Onyx.Gerd.Tests\Onyx.Gerd.Tests.csproj", "{315DD6A5-26F5-4FF5-99F0-6CD06C387765}"
EndProject
Project("{9A19103F-16F7-4668-BE54-9A1E7A4F7556}") = "Onyx.Gerd", "src\Onyx.Gerd\Onyx.Gerd.csproj", "{981E9CA9-8BBE-450F-B979-0F48D696CF21}"
EndProject
Global
	GlobalSection(SolutionConfigurationPlatforms) = preSolution
		Debug|Any CPU = Debug|Any CPU
		Debug|x64 = Debug|x64
		Debug|x86 = Debug|x86
		Release|Any CPU = Release|Any CPU
		Release|x64 = Release|x64
		Release|x86 = Release|x86
	EndGlobalSection
	GlobalSection(ProjectConfigurationPlatforms) = postSolution
		{315DD6A5-26F5-4FF5-99F0-6CD06C387765}.Debug|Any CPU.ActiveCfg = Debug|Any CPU
		{315DD6A5-26F5-4FF5-99F0-6CD06C387765}.Debug|Any CPU.Build.0 = Debug|Any CPU
		{315DD6A5-26F5-4FF5-99F0-6CD06C387765}.Debug|x64.ActiveCfg = Debug|Any CPU
		{315DD6A5-26F5-4FF5-99F0-6CD06C387765}.Debug|x64.Build.0 = Debug|Any CPU
		{315DD6A5-26F5-4FF5-99F0-6CD06C387765}.Debug|x86.ActiveCfg = Debug|Any CPU
		{315DD6A5-26F5-4FF5-99F0-6CD06C387765}.Debug|x86.Build.0 = Debug|Any CPU
		{315DD6A5-26F5-4FF5-99F0-6CD06C387765}.Release|Any CPU.ActiveCfg = Release|Any CPU
		{315DD6A5-26F5-4FF5-99F0-6CD06C387765}.Release|Any CPU.Build.0 = Release|Any CPU
		{315DD6A5-26F5-4FF5-99F0-6CD06C387765}.Release|x64.ActiveCfg = Release|Any CPU
		{315DD6A5-26F5-4FF5-99F0-6CD06C387765}.Release|x64.Build.0 = Release|Any CPU
		{315DD6A5-26F5-4FF5-99F0-6CD06C387765}.Release|x86.ActiveCfg = Release|Any CPU
		{315DD6A5-26F5-4FF5-99F0-6CD06C387765}.Release|x86.Build.0 = Release|Any CPU
		{981E9CA9-8BBE-450F-B979-0F48D696CF21}.Debug|Any CPU.ActiveCfg = Debug|Any CPU
		{981E9CA9-8BBE-450F-B979-0F48D696CF21}.Debug|Any CPU.Build.0 = Debug|Any CPU
		{981E9CA9-8BBE-450F-B979-0F48D696CF21}.Debug|x64.ActiveCfg = Debug|Any CPU
		{981E9CA9-8BBE-450F-B979-0F48D696CF21}.Debug|x64.Build.0 = Debug|Any CPU
		{981E9CA9-8BBE-450F-B979-0F48D696CF21}.Debug|x86.ActiveCfg = Debug|Any CPU
		{981E9CA9-8BBE-450F-B979-0F48D696CF21}.Debug|x86.Build.0 = Debug|Any CPU
		{981E9CA9-8BBE-450F-B979-0F48D696CF21}.Release|Any CPU.ActiveCfg = Release|Any CPU
		{981E9CA9-8BBE-450F-B979-0F48D696CF21}.Release|Any CPU.Build.0 = Release|Any CPU
		{981E9CA9-8BBE-450F-B979-0F48D696CF21}.Release|x64.ActiveCfg = Release|Any CPU
		{981E9CA9-8BBE-450F-B979-0F48D696CF21}.Release|x64.Build.0 = Release|Any CPU
		{981E9CA9-8BBE-450F-B979-0F48D696CF21}.Release|x86.ActiveCfg = Release|Any CPU
		{981E9CA9-8BBE-450F-B979-0F48D696CF21}.Release|x86.Build.0 = Release|Any CPU
	EndGlobalSection
	GlobalSection(SolutionProperties) = preSolution
		HideSolutionNode = FALSE
	EndGlobalSection
	GlobalSection(NestedProjects) = preSolution
		{315DD6A5-26F5-4FF5-99F0-6CD06C387765} = {D4D8346A-490A-404B-AA3B-BC1BBBCD9FBC}
		{981E9CA9-8BBE-450F-B979-0F48D696CF21} = {F4F42391-BB31-426B-8E21-444AB321811E}
	EndGlobalSection
	GlobalSection(ExtensibilityGlobals) = postSolution
		SolutionGuid = {FAB271C5-3260-4D66-B6C0-FF2712B14C54}
	EndGlobalSection
EndGlobal
